
Microsoft Visual Studio Solution File, Format Version 12.00
# Visual Studio Version 17
VisualStudioVersion = 17.14.36429.23 d17.14
MinimumVisualStudioVersion = 10.0.40219.1
Project("{F184B08F-C81C-45F6-A57F-5ABD9991F28F}") = "Ej2", "Ej2\Ej2.vbproj", "{F834E412-7B53-4F1D-BF4F-B940AFBB6588}"
EndProject
Global
	GlobalSection(SolutionConfigurationPlatforms) = preSolution
		Debug|Any CPU = Debug|Any CPU
		Release|Any CPU = Release|Any CPU
	EndGlobalSection
	GlobalSection(ProjectConfigurationPlatforms) = postSolution
		{F834E412-7B53-4F1D-BF4F-B940AFBB6588}.Debug|Any CPU.ActiveCfg = Debug|Any CPU
		{F834E412-7B53-4F1D-BF4F-B940AFBB6588}.Debug|Any CPU.Build.0 = Debug|Any CPU
		{F834E412-7B53-4F1D-BF4F-B940AFBB6588}.Release|Any CPU.ActiveCfg = Release|Any CPU
		{F834E412-7B53-4F1D-BF4F-B940AFBB6588}.Release|Any CPU.Build.0 = Release|Any CPU
	EndGlobalSection
	GlobalSection(SolutionProperties) = preSolution
		HideSolutionNode = FALSE
	EndGlobalSection
	GlobalSection(ExtensibilityGlobals) = postSolution
		SolutionGuid = {B5B6B55D-F7B3-4F4A-8D48-C2B4DD660ED7}
	EndGlobalSection
EndGlobal
